
Microsoft Visual Studio Solution File, Format Version 12.00
# Visual Studio Version 17
VisualStudioVersion = 17.6.33723.286
MinimumVisualStudioVersion = 10.0.40219.1
Project("{FAE04EC0-301F-11D3-BF4B-00C04F79EFBC}") = "GitHubMonitorApp", "GitHubMonitorApp\GitHubMonitorApp.csproj", "{375D7168-3D2C-49C7-854A-4915D9C445D5}"
EndProject
Global
	GlobalSection(SolutionConfigurationPlatforms) = preSolution
		Debug|Any CPU = Debug|Any CPU
		Release|Any CPU = Release|Any CPU
	EndGlobalSection
	GlobalSection(ProjectConfigurationPlatforms) = postSolution
		{375D7168-3D2C-49C7-854A-4915D9C445D5}.Debug|Any CPU.ActiveCfg = Debug|Any CPU
		{375D7168-3D2C-49C7-854A-4915D9C445D5}.Debug|Any CPU.Build.0 = Debug|Any CPU
		{375D7168-3D2C-49C7-854A-4915D9C445D5}.Release|Any CPU.ActiveCfg = Release|Any CPU
		{375D7168-3D2C-49C7-854A-4915D9C445D5}.Release|Any CPU.Build.0 = Release|Any CPU
	EndGlobalSection
	GlobalSection(SolutionProperties) = preSolution
		HideSolutionNode = FALSE
	EndGlobalSection
	GlobalSection(ExtensibilityGlobals) = postSolution
		SolutionGuid = {E6998E18-F3A7-49B1-B120-5F0D47A170B1}
	EndGlobalSection
EndGlobal
